
Microsoft Visual Studio Solution File, Format Version 12.00
# Visual Studio 15
Project("{FAE04EC0-301F-11D3-BF4B-00C04F79EFBC}") = "Assembly-CSharp", "Assembly-CSharp.csproj", "{F7F4B450-CC30-2BCD-4CD1-757B04169CE4}"
EndProject
Project("{FAE04EC0-301F-11D3-BF4B-00C04F79EFBC}") = "Assembly-CSharp-Editor", "Assembly-CSharp-Editor.csproj", "{2C564A5F-2154-2C8A-A126-FBE9C0DC0B07}"
EndProject
Global
	GlobalSection(SolutionConfigurationPlatforms) = preSolution
		Debug|Any CPU = Debug|Any CPU
		Release|Any CPU = Release|Any CPU
	EndGlobalSection
	GlobalSection(ProjectConfigurationPlatforms) = postSolution
		{F7F4B450-CC30-2BCD-4CD1-757B04169CE4}.Debug|Any CPU.ActiveCfg = Debug|Any CPU
		{F7F4B450-CC30-2BCD-4CD1-757B04169CE4}.Debug|Any CPU.Build.0 = Debug|Any CPU
		{F7F4B450-CC30-2BCD-4CD1-757B04169CE4}.Release|Any CPU.ActiveCfg = Release|Any CPU
		{F7F4B450-CC30-2BCD-4CD1-757B04169CE4}.Release|Any CPU.Build.0 = Release|Any CPU
		{2C564A5F-2154-2C8A-A126-FBE9C0DC0B07}.Debug|Any CPU.ActiveCfg = Debug|Any CPU
		{2C564A5F-2154-2C8A-A126-FBE9C0DC0B07}.Debug|Any CPU.Build.0 = Debug|Any CPU
		{2C564A5F-2154-2C8A-A126-FBE9C0DC0B07}.Release|Any CPU.ActiveCfg = Release|Any CPU
		{2C564A5F-2154-2C8A-A126-FBE9C0DC0B07}.Release|Any CPU.Build.0 = Release|Any CPU
	EndGlobalSection
	GlobalSection(SolutionProperties) = preSolution
		HideSolutionNode = FALSE
	EndGlobalSection
EndGlobal
